
Microsoft Visual Studio Solution File, Format Version 12.00
# Visual Studio Version 17
VisualStudioVersion = 17.13.35931.197 d17.13
MinimumVisualStudioVersion = 10.0.40219.1
Project("{FAE04EC0-301F-11D3-BF4B-00C04F79EFBC}") = "Ceramic", "Ceramic\Ceramic.csproj", "{687907AD-BFB7-4ECC-ACCE-C90B69DA7B9B}"
EndProject
Global
	GlobalSection(SolutionConfigurationPlatforms) = preSolution
		Debug|Any CPU = Debug|Any CPU
		Release|Any CPU = Release|Any CPU
	EndGlobalSection
	GlobalSection(ProjectConfigurationPlatforms) = postSolution
		{687907AD-BFB7-4ECC-ACCE-C90B69DA7B9B}.Debug|Any CPU.ActiveCfg = Debug|Any CPU
		{687907AD-BFB7-4ECC-ACCE-C90B69DA7B9B}.Debug|Any CPU.Build.0 = Debug|Any CPU
		{687907AD-BFB7-4ECC-ACCE-C90B69DA7B9B}.Release|Any CPU.ActiveCfg = Release|Any CPU
		{687907AD-BFB7-4ECC-ACCE-C90B69DA7B9B}.Release|Any CPU.Build.0 = Release|Any CPU
	EndGlobalSection
	GlobalSection(SolutionProperties) = preSolution
		HideSolutionNode = FALSE
	EndGlobalSection
	GlobalSection(ExtensibilityGlobals) = postSolution
		SolutionGuid = {15C86D3B-D3A4-42D7-B165-230756E9BF2F}
	EndGlobalSection
EndGlobal
